
Microsoft Visual Studio Solution File, Format Version 12.00
# Visual Studio Version 16
VisualStudioVersion = 16.0.29920.165
MinimumVisualStudioVersion = 10.0.40219.1
Project("{FAE04EC0-301F-11D3-BF4B-00C04F79EFBC}") = "passwordManagement", "passwordManagement\passwordManagement.csproj", "{7EB11C03-9C97-48C0-97DA-C6091224F78C}"
EndProject
Global
	GlobalSection(SolutionConfigurationPlatforms) = preSolution
		Debug|Any CPU = Debug|Any CPU
		Release|Any CPU = Release|Any CPU
	EndGlobalSection
	GlobalSection(ProjectConfigurationPlatforms) = postSolution
		{7EB11C03-9C97-48C0-97DA-C6091224F78C}.Debug|Any CPU.ActiveCfg = Debug|Any CPU
		{7EB11C03-9C97-48C0-97DA-C6091224F78C}.Debug|Any CPU.Build.0 = Debug|Any CPU
		{7EB11C03-9C97-48C0-97DA-C6091224F78C}.Release|Any CPU.ActiveCfg = Release|Any CPU
		{7EB11C03-9C97-48C0-97DA-C6091224F78C}.Release|Any CPU.Build.0 = Release|Any CPU
	EndGlobalSection
	GlobalSection(SolutionProperties) = preSolution
		HideSolutionNode = FALSE
	EndGlobalSection
	GlobalSection(ExtensibilityGlobals) = postSolution
		SolutionGuid = {E3B78E56-B9C1-4450-9219-52CE0A82745B}
	EndGlobalSection
EndGlobal
